
Microsoft Visual Studio Solution File, Format Version 12.00
# Visual Studio Version 17
VisualStudioVersion = 17.12.35527.113 d17.12
MinimumVisualStudioVersion = 10.0.40219.1
Project("{FAE04EC0-301F-11D3-BF4B-00C04F79EFBC}") = "conversor-moeda", "conversor-moeda\conversor-moeda.csproj", "{1C39D7DD-DB6D-4F19-A97B-8E31AB67BD5D}"
EndProject
Global
	GlobalSection(SolutionConfigurationPlatforms) = preSolution
		Debug|Any CPU = Debug|Any CPU
		Release|Any CPU = Release|Any CPU
	EndGlobalSection
	GlobalSection(ProjectConfigurationPlatforms) = postSolution
		{1C39D7DD-DB6D-4F19-A97B-8E31AB67BD5D}.Debug|Any CPU.ActiveCfg = Debug|Any CPU
		{1C39D7DD-DB6D-4F19-A97B-8E31AB67BD5D}.Debug|Any CPU.Build.0 = Debug|Any CPU
		{1C39D7DD-DB6D-4F19-A97B-8E31AB67BD5D}.Release|Any CPU.ActiveCfg = Release|Any CPU
		{1C39D7DD-DB6D-4F19-A97B-8E31AB67BD5D}.Release|Any CPU.Build.0 = Release|Any CPU
	EndGlobalSection
	GlobalSection(SolutionProperties) = preSolution
		HideSolutionNode = FALSE
	EndGlobalSection
EndGlobal
